
Microsoft Visual Studio Solution File, Format Version 12.00
# Visual Studio 2012
Project("{FAE04EC0-301F-11D3-BF4B-00C04F79EFBC}") = "loganalisator", "loganalisator.csproj", "{00916C65-C984-4C28-BC37-6AF85B53D6F8}"
EndProject
Project("{FAE04EC0-301F-11D3-BF4B-00C04F79EFBC}") = "WpfLogAnalizator", "..\..\Visual Studio 2012\Projects\WpfLogAnalizator\WpfLogAnalizator.csproj", "{DB87AACF-C215-44C0-977F-CB9FC0B80CA5}"
EndProject
Global
	GlobalSection(SolutionConfigurationPlatforms) = preSolution
		Debug|Any CPU = Debug|Any CPU
		Release|Any CPU = Release|Any CPU
	EndGlobalSection
	GlobalSection(ProjectConfigurationPlatforms) = postSolution
		{00916C65-C984-4C28-BC37-6AF85B53D6F8}.Debug|Any CPU.ActiveCfg = Debug|Any CPU
		{00916C65-C984-4C28-BC37-6AF85B53D6F8}.Debug|Any CPU.Build.0 = Debug|Any CPU
		{00916C65-C984-4C28-BC37-6AF85B53D6F8}.Release|Any CPU.ActiveCfg = Release|Any CPU
		{00916C65-C984-4C28-BC37-6AF85B53D6F8}.Release|Any CPU.Build.0 = Release|Any CPU
		{DB87AACF-C215-44C0-977F-CB9FC0B80CA5}.Debug|Any CPU.ActiveCfg = Debug|Any CPU
		{DB87AACF-C215-44C0-977F-CB9FC0B80CA5}.Debug|Any CPU.Build.0 = Debug|Any CPU
		{DB87AACF-C215-44C0-977F-CB9FC0B80CA5}.Release|Any CPU.ActiveCfg = Release|Any CPU
		{DB87AACF-C215-44C0-977F-CB9FC0B80CA5}.Release|Any CPU.Build.0 = Release|Any CPU
	EndGlobalSection
	GlobalSection(SolutionProperties) = preSolution
		HideSolutionNode = FALSE
	EndGlobalSection
EndGlobal
